// !$*UTF8*$!
{
	archiveVersion = 1;
	classes = {
	};
	objectVersion = 55;
	objects = {

/* Begin PBXBuildFile section */
		BD7EF611289960EE00CEEE18 /* AppDelegate.swift in Sources */ = {isa = PBXBuildFile; fileRef = BD7EF610289960EE00CEEE18 /* AppDelegate.swift */; };
		BD7EF613289960EE00CEEE18 /* SceneDelegate.swift in Sources */ = {isa = PBXBuildFile; fileRef = BD7EF612289960EE00CEEE18 /* SceneDelegate.swift */; };
		BD7EF615289960EE00CEEE18 /* ViewController.swift in Sources */ = {isa = PBXBuildFile; fileRef = BD7EF614289960EE00CEEE18 /* ViewController.swift */; };
		BD7EF618289960EE00CEEE18 /* Main.storyboard in Resources */ = {isa = PBXBuildFile; fileRef = BD7EF616289960EE00CEEE18 /* Main.storyboard */; };
		BD7EF61B289960EE00CEEE18 /* cameraApp.xcdatamodeld in Sources */ = {isa = PBXBuildFile; fileRef = BD7EF619289960EE00CEEE18 /* cameraApp.xcdatamodeld */; };
		BD7EF61D289960F000CEEE18 /* Assets.xcassets in Resources */ = {isa = PBXBuildFile; fileRef = BD7EF61C289960F000CEEE18 /* Assets.xcassets */; };
		BD7EF620289960F000CEEE18 /* LaunchScreen.storyboard in Resources */ = {isa = PBXBuildFile; fileRef = BD7EF61E289960F000CEEE18 /* LaunchScreen.storyboard */; };
		BD7EF62B289960F000CEEE18 /* cameraAppTests.swift in Sources */ = {isa = PBXBuildFile; fileRef = BD7EF62A289960F000CEEE18 /* cameraAppTests.swift */; };
		BD7EF635289960F000CEEE18 /* cameraAppUITests.swift in Sources */ = {isa = PBXBuildFile; fileRef = BD7EF634289960F000CEEE18 /* cameraAppUITests.swift */; };
		BD7EF637289960F000CEEE18 /* cameraAppUITestsLaunchTests.swift in Sources */ = {isa = PBXBuildFile; fileRef = BD7EF636289960F000CEEE18 /* cameraAppUITestsLaunchTests.swift */; };
/* End PBXBuildFile section */

/* Begin PBXContainerItemProxy section */
		BD7EF627289960F000CEEE18 /* PBXContainerItemProxy */ = {
			isa = PBXContainerItemProxy;
			containerPortal = BD7EF605289960EE00CEEE18 /* Project object */;
			proxyType = 1;
			remoteGlobalIDString = BD7EF60C289960EE00CEEE18;
			remoteInfo = cameraApp;
		};
		BD7EF631289960F000CEEE18 /* PBXContainerItemProxy */ = {
			isa = PBXContainerItemProxy;
			containerPortal = BD7EF605289960EE00CEEE18 /* Project object */;
			proxyType = 1;
			remoteGlobalIDString = BD7EF60C289960EE00CEEE18;
			remoteInfo = cameraApp;
		};
/* End PBXContainerItemProxy section */

/* Begin PBXFileReference section */
		BD7EF60D289960EE00CEEE18 /* cameraApp.app */ = {isa = PBXFileReference; explicitFileType = wrapper.application; includeInIndex = 0; path = cameraApp.app; sourceTree = BUILT_PRODUCTS_DIR; };
		BD7EF610289960EE00CEEE18 /* AppDelegate.swift */ = {isa = PBXFileReference; lastKnownFileType = sourcecode.swift; path = AppDelegate.swift; sourceTree = "<group>"; };
		BD7EF612289960EE00CEEE18 /* SceneDelegate.swift */ = {isa = PBXFileReference; lastKnownFileType = sourcecode.swift; path = SceneDelegate.swift; sourceTree = "<group>"; };
		BD7EF614289960EE00CEEE18 /* ViewController.swift */ = {isa = PBXFileReference; lastKnownFileType = sourcecode.swift; path = ViewController.swift; sourceTree = "<group>"; };
		BD7EF617289960EE00CEEE18 /* Base */ = {isa = PBXFileReference; lastKnownFileType = file.storyboard; name = Base; path = Base.lproj/Main.storyboard; sourceTree = "<group>"; };
		BD7EF61A289960EE00CEEE18 /* cameraApp.xcdatamodel */ = {isa = PBXFileReference; lastKnownFileType = wrapper.xcdatamodel; path = cameraApp.xcdatamodel; sourceTree = "<group>"; };
		BD7EF61C289960F000CEEE18 /* Assets.xcassets */ = {isa = PBXFileReference; lastKnownFileType = folder.assetcatalog; path = Assets.xcassets; sourceTree = "<group>"; };
		BD7EF61F289960F000CEEE18 /* Base */ = {isa = PBXFileReference; lastKnownFileType = file.storyboard; name = Base; path = Base.lproj/LaunchScreen.storyboard; sourceTree = "<group>"; };
		BD7EF621289960F000CEEE18 /* Info.plist */ = {isa = PBXFileReference; lastKnownFileType = text.plist.xml; path = Info.plist; sourceTree = "<group>"; };
		BD7EF626289960F000CEEE18 /* cameraAppTests.xctest */ = {isa = PBXFileReference; explicitFileType = wrapper.cfbundle; includeInIndex = 0; path = cameraAppTests.xctest; sourceTree = BUILT_PRODUCTS_DIR; };
		BD7EF62A289960F000CEEE18 /* cameraAppTests.swift */ = {isa = PBXFileReference; lastKnownFileType = sourcecode.swift; path = cameraAppTests.swift; sourceTree = "<group>"; };
		BD7EF630289960F000CEEE18 /* cameraAppUITests.xctest */ = {isa = PBXFileReference; explicitFileType = wrapper.cfbundle; includeInIndex = 0; path = cameraAppUITests.xctest; sourceTree = BUILT_PRODUCTS_DIR; };
		BD7EF634289960F000CEEE18 /* cameraAppUITests.swift */ = {isa = PBXFileReference; lastKnownFileType = sourcecode.swift; path = cameraAppUITests.swift; sourceTree = "<group>"; };
		BD7EF636289960F000CEEE18 /* cameraAppUITestsLaunchTests.swift */ = {isa = PBXFileReference; lastKnownFileType = sourcecode.swift; path = cameraAppUITestsLaunchTests.swift; sourceTree = "<group>"; };
/* End PBXFileReference section */

/* Begin PBXFrameworksBuildPhase section */
		BD7EF60A289960EE00CEEE18 /* Frameworks */ = {
			isa = PBXFrameworksBuildPhase;
			buildActionMask = 2147483647;
			files = (
			);
			runOnlyForDeploymentPostprocessing = 0;
		};
		BD7EF623289960F000CEEE18 /* Frameworks */ = {
			isa = PBXFrameworksBuildPhase;
			buildActionMask = 2147483647;
			files = (
			);
			runOnlyForDeploymentPostprocessing = 0;
		};
		BD7EF62D289960F000CEEE18 /* Frameworks */ = {
			isa = PBXFrameworksBuildPhase;
			buildActionMask = 2147483647;
			files = (
			);
			runOnlyForDeploymentPostprocessing = 0;
		};
/* End PBXFrameworksBuildPhase section */

/* Begin PBXGroup section */
		BD7EF604289960EE00CEEE18 = {
			isa = PBXGroup;
			children = (
				BD7EF60F289960EE00CEEE18 /* cameraApp */,
				BD7EF629289960F000CEEE18 /* cameraAppTests */,
				BD7EF633289960F000CEEE18 /* cameraAppUITests */,
				BD7EF60E289960EE00CEEE18 /* Products */,
			);
			sourceTree = "<group>";
		};
		BD7EF60E289960EE00CEEE18 /* Products */ = {
			isa = PBXGroup;
			children = (
				BD7EF60D289960EE00CEEE18 /* cameraApp.app */,
				BD7EF626289960F000CEEE18 /* cameraAppTests.xctest */,
				BD7EF630289960F000CEEE18 /* cameraAppUITests.xctest */,
			);
			name = Products;
			sourceTree = "<group>";
		};
		BD7EF60F289960EE00CEEE18 /* cameraApp */ = {
			isa = PBXGroup;
			children = (
				BD7EF610289960EE00CEEE18 /* AppDelegate.swift */,
				BD7EF612289960EE00CEEE18 /* SceneDelegate.swift */,
				BD7EF614289960EE00CEEE18 /* ViewController.swift */,
				BD7EF616289960EE00CEEE18 /* Main.storyboard */,
				BD7EF61C289960F000CEEE18 /* Assets.xcassets */,
				BD7EF61E289960F000CEEE18 /* LaunchScreen.storyboard */,
				BD7EF621289960F000CEEE18 /* Info.plist */,
				BD7EF619289960EE00CEEE18 /* cameraApp.xcdatamodeld */,
			);
			path = cameraApp;
			sourceTree = "<group>";
		};
		BD7EF629289960F000CEEE18 /* cameraAppTests */ = {
			isa = PBXGroup;
			children = (
				BD7EF62A289960F000CEEE18 /* cameraAppTests.swift */,
			);
			path = cameraAppTests;
			sourceTree = "<group>";
		};
		BD7EF633289960F000CEEE18 /* cameraAppUITests */ = {
			isa = PBXGroup;
			children = (
				BD7EF634289960F000CEEE18 /* cameraAppUITests.swift */,
				BD7EF636289960F000CEEE18 /* cameraAppUITestsLaunchTests.swift */,
			);
			path = cameraAppUITests;
			sourceTree = "<group>";
		};
/* End PBXGroup section */

/* Begin PBXNativeTarget section */
		BD7EF60C289960EE00CEEE18 /* cameraApp */ = {
			isa = PBXNativeTarget;
			buildConfigurationList = BD7EF63A289960F000CEEE18 /* Build configuration list for PBXNativeTarget "cameraApp" */;
			buildPhases = (
				BD7EF609289960EE00CEEE18 /* Sources */,
				BD7EF60A289960EE00CEEE18 /* Frameworks */,
				BD7EF60B289960EE00CEEE18 /* Resources */,
			);
			buildRules = (
			);
			dependencies = (
			);
			name = cameraApp;
			productName = cameraApp;
			productReference = BD7EF60D289960EE00CEEE18 /* cameraApp.app */;
			productType = "com.apple.product-type.application";
		};
		BD7EF625289960F000CEEE18 /* cameraAppTests */ = {
			isa = PBXNativeTarget;
			buildConfigurationList = BD7EF63D289960F000CEEE18 /* Build configuration list for PBXNativeTarget "cameraAppTests" */;
			buildPhases = (
				BD7EF622289960F000CEEE18 /* Sources */,
				BD7EF623289960F000CEEE18 /* Frameworks */,
				BD7EF624289960F000CEEE18 /* Resources */,
			);
			buildRules = (
			);
			dependencies = (
				BD7EF628289960F000CEEE18 /* PBXTargetDependency */,
			);
			name = cameraAppTests;
			productName = cameraAppTests;
			productReference = BD7EF626289960F000CEEE18 /* cameraAppTests.xctest */;
			productType = "com.apple.product-type.bundle.unit-test";
		};
		BD7EF62F289960F000CEEE18 /* cameraAppUITests */ = {
			isa = PBXNativeTarget;
			buildConfigurationList = BD7EF640289960F000CEEE18 /* Build configuration list for PBXNativeTarget "cameraAppUITests" */;
			buildPhases = (
				BD7EF62C289960F000CEEE18 /* Sources */,
				BD7EF62D289960F000CEEE18 /* Frameworks */,
				BD7EF62E289960F000CEEE18 /* Resources */,
			);
			buildRules = (
			);
			dependencies = (
				BD7EF632289960F000CEEE18 /* PBXTargetDependency */,
			);
			name = cameraAppUITests;
			productName = cameraAppUITests;
			productReference = BD7EF630289960F000CEEE18 /* cameraAppUITests.xctest */;
			productType = "com.apple.product-type.bundle.ui-testing";
		};
/* End PBXNativeTarget section */

/* Begin PBXProject section */
		BD7EF605289960EE00CEEE18 /* Project object */ = {
			isa = PBXProject;
			attributes = {
				BuildIndependentTargetsInParallel = 1;
				LastSwiftUpdateCheck = 1340;
				LastUpgradeCheck = 1340;
				TargetAttributes = {
					BD7EF60C289960EE00CEEE18 = {
						CreatedOnToolsVersion = 13.4.1;
					};
					BD7EF625289960F000CEEE18 = {
						CreatedOnToolsVersion = 13.4.1;
						TestTargetID = BD7EF60C289960EE00CEEE18;
					};
					BD7EF62F289960F000CEEE18 = {
						CreatedOnToolsVersion = 13.4.1;
						TestTargetID = BD7EF60C289960EE00CEEE18;
					};
				};
			};
			buildConfigurationList = BD7EF608289960EE00CEEE18 /* Build configuration list for PBXProject "cameraApp" */;
			compatibilityVersion = "Xcode 13.0";
			developmentRegion = en;
			hasScannedForEncodings = 0;
			knownRegions = (
				en,
				Base,
			);
			mainGroup = BD7EF604289960EE00CEEE18;
			productRefGroup = BD7EF60E289960EE00CEEE18 /* Products */;
			projectDirPath = "";
			projectRoot = "";
			targets = (
				BD7EF60C289960EE00CEEE18 /* cameraApp */,
				BD7EF625289960F000CEEE18 /* cameraAppTests */,
				BD7EF62F289960F000CEEE18 /* cameraAppUITests */,
			);
		};
/* End PBXProject section */

/* Begin PBXResourcesBuildPhase section */
		BD7EF60B289960EE00CEEE18 /* Resources */ = {
			isa = PBXResourcesBuildPhase;
			buildActionMask = 2147483647;
			files = (
				BD7EF620289960F000CEEE18 /* LaunchScreen.storyboard in Resources */,
				BD7EF61D289960F000CEEE18 /* Assets.xcassets in Resources */,
				BD7EF618289960EE00CEEE18 /* Main.storyboard in Resources */,
			);
			runOnlyForDeploymentPostprocessing = 0;
		};
		BD7EF624289960F000CEEE18 /* Resources */ = {
			isa = PBXResourcesBuildPhase;
			buildActionMask = 2147483647;
			files = (
			);
			runOnlyForDeploymentPostprocessing = 0;
		};
		BD7EF62E289960F000CEEE18 /* Resources */ = {
			isa = PBXResourcesBuildPhase;
			buildActionMask = 2147483647;
			files = (
			);
			runOnlyForDeploymentPostprocessing = 0;
		};
/* End PBXResourcesBuildPhase section */

/* Begin PBXSourcesBuildPhase section */
		BD7EF609289960EE00CEEE18 /* Sources */ = {
			isa = PBXSourcesBuildPhase;
			buildActionMask = 2147483647;
			files = (
				BD7EF61B289960EE00CEEE18 /* cameraApp.xcdatamodeld in Sources */,
				BD7EF615289960EE00CEEE18 /* ViewController.swift in Sources */,
				BD7EF611289960EE00CEEE18 /* AppDelegate.swift in Sources */,
				BD7EF613289960EE00CEEE18 /* SceneDelegate.swift in Sources */,
			);
			runOnlyForDeploymentPostprocessing = 0;
		};
		BD7EF622289960F000CEEE18 /* Sources */ = {
			isa = PBXSourcesBuildPhase;
			buildActionMask = 2147483647;
			files = (
				BD7EF62B289960F000CEEE18 /* cameraAppTests.swift in Sources */,
			);
			runOnlyForDeploymentPostprocessing = 0;
		};
		BD7EF62C289960F000CEEE18 /* Sources */ = {
			isa = PBXSourcesBuildPhase;
			buildActionMask = 2147483647;
			files = (
				BD7EF635289960F000CEEE18 /* cameraAppUITests.swift in Sources */,
				BD7EF637289960F000CEEE18 /* cameraAppUITestsLaunchTests.swift in Sources */,
			);
			runOnlyForDeploymentPostprocessing = 0;
		};
/* End PBXSourcesBuildPhase section */

/* Begin PBXTargetDependency section */
		BD7EF628289960F000CEEE18 /* PBXTargetDependency */ = {
			isa = PBXTargetDependency;
			target = BD7EF60C289960EE00CEEE18 /* cameraApp */;
			targetProxy = BD7EF627289960F000CEEE18 /* PBXContainerItemProxy */;
		};
		BD7EF632289960F000CEEE18 /* PBXTargetDependency */ = {
			isa = PBXTargetDependency;
			target = BD7EF60C289960EE00CEEE18 /* cameraApp */;
			targetProxy = BD7EF631289960F000CEEE18 /* PBXContainerItemProxy */;
		};
/* End PBXTargetDependency section */

/* Begin PBXVariantGroup section */
		BD7EF616289960EE00CEEE18 /* Main.storyboard */ = {
			isa = PBXVariantGroup;
			children = (
				BD7EF617289960EE00CEEE18 /* Base */,
			);
			name = Main.storyboard;
			sourceTree = "<group>";
		};
		BD7EF61E289960F000CEEE18 /* LaunchScreen.storyboard */ = {
			isa = PBXVariantGroup;
			children = (
				BD7EF61F289960F000CEEE18 /* Base */,
			);
			name = LaunchScreen.storyboard;
			sourceTree = "<group>";
		};
/* End PBXVariantGroup section */

/* Begin XCBuildConfiguration section */
		BD7EF638289960F000CEEE18 /* Debug */ = {
			isa = XCBuildConfiguration;
			buildSettings = {
				ALWAYS_SEARCH_USER_PATHS = NO;
				CLANG_ANALYZER_NONNULL = YES;
				CLANG_ANALYZER_NUMBER_OBJECT_CONVERSION = YES_AGGRESSIVE;
				CLANG_CXX_LANGUAGE_STANDARD = "gnu++17";
				CLANG_ENABLE_MODULES = YES;
				CLANG_ENABLE_OBJC_ARC = YES;
				CLANG_ENABLE_OBJC_WEAK = YES;
				CLANG_WARN_BLOCK_CAPTURE_AUTORELEASING = YES;
				CLANG_WARN_BOOL_CONVERSION = YES;
				CLANG_WARN_COMMA = YES;
				CLANG_WARN_CONSTANT_CONVERSION = YES;
				CLANG_WARN_DEPRECATED_OBJC_IMPLEMENTATIONS = YES;
				CLANG_WARN_DIRECT_OBJC_ISA_USAGE = YES_ERROR;
				CLANG_WARN_DOCUMENTATION_COMMENTS = YES;
				CLANG_WARN_EMPTY_BODY = YES;
				CLANG_WARN_ENUM_CONVERSION = YES;
				CLANG_WARN_INFINITE_RECURSION = YES;
				CLANG_WARN_INT_CONVERSION = YES;
				CLANG_WARN_NON_LITERAL_NULL_CONVERSION = YES;
				CLANG_WARN_OBJC_IMPLICIT_RETAIN_SELF = YES;
				CLANG_WARN_OBJC_LITERAL_CONVERSION = YES;
				CLANG_WARN_OBJC_ROOT_CLASS = YES_ERROR;
				CLANG_WARN_QUOTED_INCLUDE_IN_FRAMEWORK_HEADER = YES;
				CLANG_WARN_RANGE_LOOP_ANALYSIS = YES;
				CLANG_WARN_STRICT_PROTOTYPES = YES;
				CLANG_WARN_SUSPICIOUS_MOVE = YES;
				CLANG_WARN_UNGUARDED_AVAILABILITY = YES_AGGRESSIVE;
				CLANG_WARN_UNREACHABLE_CODE = YES;
				CLANG_WARN__DUPLICATE_METHOD_MATCH = YES;
				COPY_PHASE_STRIP = NO;
				DEBUG_INFORMATION_FORMAT = dwarf;
				ENABLE_STRICT_OBJC_MSGSEND = YES;
				ENABLE_TESTABILITY = YES;
				GCC_C_LANGUAGE_STANDARD = gnu11;
				GCC_DYNAMIC_NO_PIC = NO;
				GCC_NO_COMMON_BLOCKS = YES;
				GCC_OPTIMIZATION_LEVEL = 0;
				GCC_PREPROCESSOR_DEFINITIONS = (
					"DEBUG=1",
					"$(inherited)",
				);
				GCC_WARN_64_TO_32_BIT_CONVERSION = YES;
				GCC_WARN_ABOUT_RETURN_TYPE = YES_ERROR;
				GCC_WARN_UNDECLARED_SELECTOR = YES;
				GCC_WARN_UNINITIALIZED_AUTOS = YES_AGGRESSIVE;
				GCC_WARN_UNUSED_FUNCTION = YES;
				GCC_WARN_UNUSED_VARIABLE = YES;
				IPHONEOS_DEPLOYMENT_TARGET = 15.5;
				MTL_ENABLE_DEBUG_INFO = INCLUDE_SOURCE;
				MTL_FAST_MATH = YES;
				ONLY_ACTIVE_ARCH = YES;
				SDKROOT = iphoneos;
				SWIFT_ACTIVE_COMPILATION_CONDITIONS = DEBUG;
				SWIFT_OPTIMIZATION_LEVEL = "-Onone";
			};
			name = Debug;
		};
		BD7EF639289960F000CEEE18 /* Release */ = {
			isa = XCBuildConfiguration;
			buildSettings = {
				ALWAYS_SEARCH_USER_PATHS = NO;
				CLANG_ANALYZER_NONNULL = YES;
				CLANG_ANALYZER_NUMBER_OBJECT_CONVERSION = YES_AGGRESSIVE;
				CLANG_CXX_LANGUAGE_STANDARD = "gnu++17";
				CLANG_ENABLE_MODULES = YES;
				CLANG_ENABLE_OBJC_ARC = YES;
				CLANG_ENABLE_OBJC_WEAK = YES;
				CLANG_WARN_BLOCK_CAPTURE_AUTORELEASING = YES;
				CLANG_WARN_BOOL_CONVERSION = YES;
				CLANG_WARN_COMMA = YES;
				CLANG_WARN_CONSTANT_CONVERSION = YES;
				CLANG_WARN_DEPRECATED_OBJC_IMPLEMENTATIONS = YES;
				CLANG_WARN_DIRECT_OBJC_ISA_USAGE = YES_ERROR;
				CLANG_WARN_DOCUMENTATION_COMMENTS = YES;
				CLANG_WARN_EMPTY_BODY = YES;
				CLANG_WARN_ENUM_CONVERSION = YES;
				CLANG_WARN_INFINITE_RECURSION = YES;
				CLANG_WARN_INT_CONVERSION = YES;
				CLANG_WARN_NON_LITERAL_NULL_CONVERSION = YES;
				CLANG_WARN_OBJC_IMPLICIT_RETAIN_SELF = YES;
				CLANG_WARN_OBJC_LITERAL_CONVERSION = YES;
				CLANG_WARN_OBJC_ROOT_CLASS = YES_ERROR;
				CLANG_WARN_QUOTED_INCLUDE_IN_FRAMEWORK_HEADER = YES;
				CLANG_WARN_RANGE_LOOP_ANALYSIS = YES;
				CLANG_WARN_STRICT_PROTOTYPES = YES;
				CLANG_WARN_SUSPICIOUS_MOVE = YES;
				CLANG_WARN_UNGUARDED_AVAILABILITY = YES_AGGRESSIVE;
				CLANG_WARN_UNREACHABLE_CODE = YES;
				CLANG_WARN__DUPLICATE_METHOD_MATCH = YES;
				COPY_PHASE_STRIP = NO;
				DEBUG_INFORMATION_FORMAT = "dwarf-with-dsym";
				ENABLE_NS_ASSERTIONS = NO;
				ENABLE_STRICT_OBJC_MSGSEND = YES;
				GCC_C_LANGUAGE_STANDARD = gnu11;
				GCC_NO_COMMON_BLOCKS = YES;
				GCC_WARN_64_TO_32_BIT_CONVERSION = YES;
				GCC_WARN_ABOUT_RETURN_TYPE = YES_ERROR;
				GCC_WARN_UNDECLARED_SELECTOR = YES;
				GCC_WARN_UNINITIALIZED_AUTOS = YES_AGGRESSIVE;
				GCC_WARN_UNUSED_FUNCTION = YES;
				GCC_WARN_UNUSED_VARIABLE = YES;
				IPHONEOS_DEPLOYMENT_TARGET = 15.5;
				MTL_ENABLE_DEBUG_INFO = NO;
				MTL_FAST_MATH = YES;
				SDKROOT = iphoneos;
				SWIFT_COMPILATION_MODE = wholemodule;
				SWIFT_OPTIMIZATION_LEVEL = "-O";
				VALIDATE_PRODUCT = YES;
			};
			name = Release;
		};
		BD7EF63B289960F000CEEE18 /* Debug */ = {
			isa = XCBuildConfiguration;
			buildSettings = {
				ASSETCATALOG_COMPILER_APPICON_NAME = AppIcon;
				ASSETCATALOG_COMPILER_GLOBAL_ACCENT_COLOR_NAME = AccentColor;
				CODE_SIGN_STYLE = Automatic;
				CURRENT_PROJECT_VERSION = 1;
				GENERATE_INFOPLIST_FILE = YES;
				INFOPLIST_FILE = cameraApp/Info.plist;
				INFOPLIST_KEY_UIApplicationSupportsIndirectInputEvents = YES;
				INFOPLIST_KEY_UILaunchStoryboardName = LaunchScreen;
				INFOPLIST_KEY_UIMainStoryboardFile = Main;
				INFOPLIST_KEY_UISupportedInterfaceOrientations_iPad = "UIInterfaceOrientationPortrait UIInterfaceOrientationPortraitUpsideDown UIInterfaceOrientationLandscapeLeft UIInterfaceOrientationLandscapeRight";
				INFOPLIST_KEY_UISupportedInterfaceOrientations_iPhone = "UIInterfaceOrientationPortrait UIInterfaceOrientationLandscapeLeft UIInterfaceOrientationLandscapeRight";
				LD_RUNPATH_SEARCH_PATHS = (
					"$(inherited)",
					"@executable_path/Frameworks",
				);
				MARKETING_VERSION = 1.0;
				PRODUCT_BUNDLE_IDENTIFIER = kwk.cameraApp;
				PRODUCT_NAME = "$(TARGET_NAME)";
				SWIFT_EMIT_LOC_STRINGS = YES;
				SWIFT_VERSION = 5.0;
				TARGETED_DEVICE_FAMILY = "1,2";
			};
			name = Debug;
		};
		BD7EF63C289960F000CEEE18 /* Release */ = {
			isa = XCBuildConfiguration;
			buildSettings = {
				ASSETCATALOG_COMPILER_APPICON_NAME = AppIcon;
				ASSETCATALOG_COMPILER_GLOBAL_ACCENT_COLOR_NAME = AccentColor;
				CODE_SIGN_STYLE = Automatic;
				CURRENT_PROJECT_VERSION = 1;
				GENERATE_INFOPLIST_FILE = YES;
				INFOPLIST_FILE = cameraApp/Info.plist;
				INFOPLIST_KEY_UIApplicationSupportsIndirectInputEvents = YES;
				INFOPLIST_KEY_UILaunchStoryboardName = LaunchScreen;
				INFOPLIST_KEY_UIMainStoryboardFile = Main;
				INFOPLIST_KEY_UISupportedInterfaceOrientations_iPad = "UIInterfaceOrientationPortrait UIInterfaceOrientationPortraitUpsideDown UIInterfaceOrientationLandscapeLeft UIInterfaceOrientationLandscapeRight";
				INFOPLIST_KEY_UISupportedInterfaceOrientations_iPhone = "UIInterfaceOrientationPortrait UIInterfaceOrientationLandscapeLeft UIInterfaceOrientationLandscapeRight";
				LD_RUNPATH_SEARCH_PATHS = (
					"$(inherited)",
					"@executable_path/Frameworks",
				);
				MARKETING_VERSION = 1.0;
				PRODUCT_BUNDLE_IDENTIFIER = kwk.cameraApp;
				PRODUCT_NAME = "$(TARGET_NAME)";
				SWIFT_EMIT_LOC_STRINGS = YES;
				SWIFT_VERSION = 5.0;
				TARGETED_DEVICE_FAMILY = "1,2";
			};
			name = Release;
		};
		BD7EF63E289960F000CEEE18 /* Debug */ = {
			isa = XCBuildConfiguration;
			buildSettings = {
				ALWAYS_EMBED_SWIFT_STANDARD_LIBRARIES = YES;
				BUNDLE_LOADER = "$(TEST_HOST)";
				CODE_SIGN_STYLE = Automatic;
				CURRENT_PROJECT_VERSION = 1;
				GENERATE_INFOPLIST_FILE = YES;
				IPHONEOS_DEPLOYMENT_TARGET = 15.5;
				MARKETING_VERSION = 1.0;
				PRODUCT_BUNDLE_IDENTIFIER = kwk.cameraAppTests;
				PRODUCT_NAME = "$(TARGET_NAME)";
				SWIFT_EMIT_LOC_STRINGS = NO;
				SWIFT_VERSION = 5.0;
				TARGETED_DEVICE_FAMILY = "1,2";
				TEST_HOST = "$(BUILT_PRODUCTS_DIR)/cameraApp.app/cameraApp";
			};
			name = Debug;
		};
		BD7EF63F289960F000CEEE18 /* Release */ = {
			isa = XCBuildConfiguration;
			buildSettings = {
				ALWAYS_EMBED_SWIFT_STANDARD_LIBRARIES = YES;
				BUNDLE_LOADER = "$(TEST_HOST)";
				CODE_SIGN_STYLE = Automatic;
				CURRENT_PROJECT_VERSION = 1;
				GENERATE_INFOPLIST_FILE = YES;
				IPHONEOS_DEPLOYMENT_TARGET = 15.5;
				MARKETING_VERSION = 1.0;
				PRODUCT_BUNDLE_IDENTIFIER = kwk.cameraAppTests;
				PRODUCT_NAME = "$(TARGET_NAME)";
				SWIFT_EMIT_LOC_STRINGS = NO;
				SWIFT_VERSION = 5.0;
				TARGETED_DEVICE_FAMILY = "1,2";
				TEST_HOST = "$(BUILT_PRODUCTS_DIR)/cameraApp.app/cameraApp";
			};
			name = Release;
		};
		BD7EF641289960F000CEEE18 /* Debug */ = {
			isa = XCBuildConfiguration;
			buildSettings = {
				ALWAYS_EMBED_SWIFT_STANDARD_LIBRARIES = YES;
				CODE_SIGN_STYLE = Automatic;
				CURRENT_PROJECT_VERSION = 1;
				GENERATE_INFOPLIST_FILE = YES;
				MARKETING_VERSION = 1.0;
				PRODUCT_BUNDLE_IDENTIFIER = kwk.cameraAppUITests;
				PRODUCT_NAME = "$(TARGET_NAME)";
				SWIFT_EMIT_LOC_STRINGS = NO;
				SWIFT_VERSION = 5.0;
				TARGETED_DEVICE_FAMILY = "1,2";
				TEST_TARGET_NAME = cameraApp;
			};
			name = Debug;
		};
		BD7EF642289960F000CEEE18 /* Release */ = {
			isa = XCBuildConfiguration;
			buildSettings = {
				ALWAYS_EMBED_SWIFT_STANDARD_LIBRARIES = YES;
				CODE_SIGN_STYLE = Automatic;
				CURRENT_PROJECT_VERSION = 1;
				GENERATE_INFOPLIST_FILE = YES;
				MARKETING_VERSION = 1.0;
				PRODUCT_BUNDLE_IDENTIFIER = kwk.cameraAppUITests;
				PRODUCT_NAME = "$(TARGET_NAME)";
				SWIFT_EMIT_LOC_STRINGS = NO;
				SWIFT_VERSION = 5.0;
				TARGETED_DEVICE_FAMILY = "1,2";
				TEST_TARGET_NAME = cameraApp;
			};
			name = Release;
		};
/* End XCBuildConfiguration section */

/* Begin XCConfigurationList section */
		BD7EF608289960EE00CEEE18 /* Build configuration list for PBXProject "cameraApp" */ = {
			isa = XCConfigurationList;
			buildConfigurations = (
				BD7EF638289960F000CEEE18 /* Debug */,
				BD7EF639289960F000CEEE18 /* Release */,
			);
			defaultConfigurationIsVisible = 0;
			defaultConfigurationName = Release;
		};
		BD7EF63A289960F000CEEE18 /* Build configuration list for PBXNativeTarget "cameraApp" */ = {
			isa = XCConfigurationList;
			buildConfigurations = (
				BD7EF63B289960F000CEEE18 /* Debug */,
				BD7EF63C289960F000CEEE18 /* Release */,
			);
			defaultConfigurationIsVisible = 0;
			defaultConfigurationName = Release;
		};
		BD7EF63D289960F000CEEE18 /* Build configuration list for PBXNativeTarget "cameraAppTests" */ = {
			isa = XCConfigurationList;
			buildConfigurations = (
				BD7EF63E289960F000CEEE18 /* Debug */,
				BD7EF63F289960F000CEEE18 /* Release */,
			);
			defaultConfigurationIsVisible = 0;
			defaultConfigurationName = Release;
		};
		BD7EF640289960F000CEEE18 /* Build configuration list for PBXNativeTarget "cameraAppUITests" */ = {
			isa = XCConfigurationList;
			buildConfigurations = (
				BD7EF641289960F000CEEE18 /* Debug */,
				BD7EF642289960F000CEEE18 /* Release */,
			);
			defaultConfigurationIsVisible = 0;
			defaultConfigurationName = Release;
		};
/* End XCConfigurationList section */

/* Begin XCVersionGroup section */
		BD7EF619289960EE00CEEE18 /* cameraApp.xcdatamodeld */ = {
			isa = XCVersionGroup;
			children = (
				BD7EF61A289960EE00CEEE18 /* cameraApp.xcdatamodel */,
			);
			currentVersion = BD7EF61A289960EE00CEEE18 /* cameraApp.xcdatamodel */;
			path = cameraApp.xcdatamodeld;
			sourceTree = "<group>";
			versionGroupType = wrapper.xcdatamodel;
		};
/* End XCVersionGroup section */
	};
	rootObject = BD7EF605289960EE00CEEE18 /* Project object */;
}
